
Microsoft Visual Studio Solution File, Format Version 12.00
# Visual Studio Version 16
VisualStudioVersion = 16.0.31321.278
MinimumVisualStudioVersion = 10.0.40219.1
Project("{FAE04EC0-301F-11D3-BF4B-00C04F79EFBC}") = "WebAPI", "WebAPI\WebAPI.csproj", "{55251353-7CAD-4CC7-9EB2-7A58CE217DEB}"
EndProject
Project("{FAE04EC0-301F-11D3-BF4B-00C04F79EFBC}") = "Web", "Web\Web.csproj", "{C84B62FC-E44A-4E33-933B-BE1AF797895E}"
EndProject
Global
	GlobalSection(SolutionConfigurationPlatforms) = preSolution
		Debug|Any CPU = Debug|Any CPU
		Release|Any CPU = Release|Any CPU
	EndGlobalSection
	GlobalSection(ProjectConfigurationPlatforms) = postSolution
		{55251353-7CAD-4CC7-9EB2-7A58CE217DEB}.Debug|Any CPU.ActiveCfg = Debug|Any CPU
		{55251353-7CAD-4CC7-9EB2-7A58CE217DEB}.Debug|Any CPU.Build.0 = Debug|Any CPU
		{55251353-7CAD-4CC7-9EB2-7A58CE217DEB}.Release|Any CPU.ActiveCfg = Release|Any CPU
		{55251353-7CAD-4CC7-9EB2-7A58CE217DEB}.Release|Any CPU.Build.0 = Release|Any CPU
		{C84B62FC-E44A-4E33-933B-BE1AF797895E}.Debug|Any CPU.ActiveCfg = Debug|Any CPU
		{C84B62FC-E44A-4E33-933B-BE1AF797895E}.Debug|Any CPU.Build.0 = Debug|Any CPU
		{C84B62FC-E44A-4E33-933B-BE1AF797895E}.Release|Any CPU.ActiveCfg = Release|Any CPU
		{C84B62FC-E44A-4E33-933B-BE1AF797895E}.Release|Any CPU.Build.0 = Release|Any CPU
	EndGlobalSection
	GlobalSection(SolutionProperties) = preSolution
		HideSolutionNode = FALSE
	EndGlobalSection
	GlobalSection(ExtensibilityGlobals) = postSolution
		SolutionGuid = {2501D71F-53CA-45BD-9B16-DA3443CED6C5}
	EndGlobalSection
EndGlobal
